
Microsoft Visual Studio Solution File, Format Version 12.00
# Visual Studio Version 17
VisualStudioVersion = 17.7.34024.191
MinimumVisualStudioVersion = 10.0.40219.1
Project("{9A19103F-16F7-4668-BE54-9A1E7A4F7556}") = "Donysh", "Donysh\Donysh.csproj", "{AE6A9CF1-B535-4E43-B7EF-0910A0EA0969}"
EndProject
Project("{FAE04EC0-301F-11D3-BF4B-00C04F79EFBC}") = "Application", "Application\Application.csproj", "{6B8F9408-49AF-49B9-A80B-1B9C593D1433}"
EndProject
Project("{FAE04EC0-301F-11D3-BF4B-00C04F79EFBC}") = "Infrastructure", "Infrastructure\Infrastructure.csproj", "{5C619D63-03B1-40B3-A33F-7D05414E1286}"
EndProject
Project("{FAE04EC0-301F-11D3-BF4B-00C04F79EFBC}") = "Domain", "Domain\Domain.csproj", "{61009DA8-0572-400A-8739-8D94B038F792}"
EndProject
Global
	GlobalSection(SolutionConfigurationPlatforms) = preSolution
		Debug|Any CPU = Debug|Any CPU
		Release|Any CPU = Release|Any CPU
	EndGlobalSection
	GlobalSection(ProjectConfigurationPlatforms) = postSolution
		{AE6A9CF1-B535-4E43-B7EF-0910A0EA0969}.Debug|Any CPU.ActiveCfg = Debug|Any CPU
		{AE6A9CF1-B535-4E43-B7EF-0910A0EA0969}.Debug|Any CPU.Build.0 = Debug|Any CPU
		{AE6A9CF1-B535-4E43-B7EF-0910A0EA0969}.Release|Any CPU.ActiveCfg = Release|Any CPU
		{AE6A9CF1-B535-4E43-B7EF-0910A0EA0969}.Release|Any CPU.Build.0 = Release|Any CPU
		{6B8F9408-49AF-49B9-A80B-1B9C593D1433}.Debug|Any CPU.ActiveCfg = Debug|Any CPU
		{6B8F9408-49AF-49B9-A80B-1B9C593D1433}.Debug|Any CPU.Build.0 = Debug|Any CPU
		{6B8F9408-49AF-49B9-A80B-1B9C593D1433}.Release|Any CPU.ActiveCfg = Release|Any CPU
		{6B8F9408-49AF-49B9-A80B-1B9C593D1433}.Release|Any CPU.Build.0 = Release|Any CPU
		{5C619D63-03B1-40B3-A33F-7D05414E1286}.Debug|Any CPU.ActiveCfg = Debug|Any CPU
		{5C619D63-03B1-40B3-A33F-7D05414E1286}.Debug|Any CPU.Build.0 = Debug|Any CPU
		{5C619D63-03B1-40B3-A33F-7D05414E1286}.Release|Any CPU.ActiveCfg = Release|Any CPU
		{5C619D63-03B1-40B3-A33F-7D05414E1286}.Release|Any CPU.Build.0 = Release|Any CPU
		{61009DA8-0572-400A-8739-8D94B038F792}.Debug|Any CPU.ActiveCfg = Debug|Any CPU
		{61009DA8-0572-400A-8739-8D94B038F792}.Debug|Any CPU.Build.0 = Debug|Any CPU
		{61009DA8-0572-400A-8739-8D94B038F792}.Release|Any CPU.ActiveCfg = Release|Any CPU
		{61009DA8-0572-400A-8739-8D94B038F792}.Release|Any CPU.Build.0 = Release|Any CPU
	EndGlobalSection
	GlobalSection(SolutionProperties) = preSolution
		HideSolutionNode = FALSE
	EndGlobalSection
	GlobalSection(ExtensibilityGlobals) = postSolution
		SolutionGuid = {5AF6962D-5146-4085-BF46-C67B0ADBEBF7}
	EndGlobalSection
EndGlobal
